
Microsoft Visual Studio Solution File, Format Version 12.00
Project("{FAE04EC0-301F-11D3-BF4B-00C04F79EFBC}") = "Mimo.Api", "Mimo.Api\Mimo.Api.csproj", "{78B59C15-C480-4DD9-A2CF-FB5D9A816401}"
EndProject
Project("{FAE04EC0-301F-11D3-BF4B-00C04F79EFBC}") = "Mimo.Database", "Mimo.Database\Mimo.Database.csproj", "{FE4B56FF-312E-4AD4-B98A-76770DCEF418}"
EndProject
Project("{FAE04EC0-301F-11D3-BF4B-00C04F79EFBC}") = "Mimo.Services", "Mimo.Services\Mimo.Services.csproj", "{4682B6CC-7924-4906-886B-6532AEDFC6D3}"
EndProject
Project("{FAE04EC0-301F-11D3-BF4B-00C04F79EFBC}") = "Mimo.Common", "Mimo.Common\Mimo.Common.csproj", "{5F0CEF75-2E4C-4D5F-A537-8E68BD2F2C26}"
EndProject
Global
	GlobalSection(SolutionConfigurationPlatforms) = preSolution
		Debug|Any CPU = Debug|Any CPU
		Release|Any CPU = Release|Any CPU
	EndGlobalSection
	GlobalSection(ProjectConfigurationPlatforms) = postSolution
		{78B59C15-C480-4DD9-A2CF-FB5D9A816401}.Debug|Any CPU.ActiveCfg = Debug|Any CPU
		{78B59C15-C480-4DD9-A2CF-FB5D9A816401}.Debug|Any CPU.Build.0 = Debug|Any CPU
		{78B59C15-C480-4DD9-A2CF-FB5D9A816401}.Release|Any CPU.ActiveCfg = Release|Any CPU
		{78B59C15-C480-4DD9-A2CF-FB5D9A816401}.Release|Any CPU.Build.0 = Release|Any CPU
		{FE4B56FF-312E-4AD4-B98A-76770DCEF418}.Debug|Any CPU.ActiveCfg = Debug|Any CPU
		{FE4B56FF-312E-4AD4-B98A-76770DCEF418}.Debug|Any CPU.Build.0 = Debug|Any CPU
		{FE4B56FF-312E-4AD4-B98A-76770DCEF418}.Release|Any CPU.ActiveCfg = Release|Any CPU
		{FE4B56FF-312E-4AD4-B98A-76770DCEF418}.Release|Any CPU.Build.0 = Release|Any CPU
		{4682B6CC-7924-4906-886B-6532AEDFC6D3}.Debug|Any CPU.ActiveCfg = Debug|Any CPU
		{4682B6CC-7924-4906-886B-6532AEDFC6D3}.Debug|Any CPU.Build.0 = Debug|Any CPU
		{4682B6CC-7924-4906-886B-6532AEDFC6D3}.Release|Any CPU.ActiveCfg = Release|Any CPU
		{4682B6CC-7924-4906-886B-6532AEDFC6D3}.Release|Any CPU.Build.0 = Release|Any CPU
		{5F0CEF75-2E4C-4D5F-A537-8E68BD2F2C26}.Debug|Any CPU.ActiveCfg = Debug|Any CPU
		{5F0CEF75-2E4C-4D5F-A537-8E68BD2F2C26}.Debug|Any CPU.Build.0 = Debug|Any CPU
		{5F0CEF75-2E4C-4D5F-A537-8E68BD2F2C26}.Release|Any CPU.ActiveCfg = Release|Any CPU
		{5F0CEF75-2E4C-4D5F-A537-8E68BD2F2C26}.Release|Any CPU.Build.0 = Release|Any CPU
	EndGlobalSection
EndGlobal
